// !$*UTF8*$!
{
	archiveVersion = 1;
	classes = {
	};
	objectVersion = 46;
	objects = {

/* Begin PBXBuildFile section */
		20B4081A1EDCE4D80082EEF7 /* ItemManager.swift in Sources */ = {isa = PBXBuildFile; fileRef = 20B408191EDCE4D80082EEF7 /* ItemManager.swift */; };
		20B4081C1EDCE4E30082EEF7 /* ItemManagerTests.swift in Sources */ = {isa = PBXBuildFile; fileRef = 20B4081B1EDCE4E30082EEF7 /* ItemManagerTests.swift */; };
		490C3BC71EDCC77200E662BD /* Location.swift in Sources */ = {isa = PBXBuildFile; fileRef = 490C3BC61EDCC77200E662BD /* Location.swift */; };
		490C3BCB1EDCCA4400E662BD /* LocationTests.swift in Sources */ = {isa = PBXBuildFile; fileRef = 490C3BCA1EDCCA4400E662BD /* LocationTests.swift */; };
		4924C87F1EE4613C001B4148 /* DetailViewControllerTests.swift in Sources */ = {isa = PBXBuildFile; fileRef = 4924C87E1EE4613C001B4148 /* DetailViewControllerTests.swift */; };
		492CEF071EDD8FA7002A5AE2 /* ItemListViewControllerTests.swift in Sources */ = {isa = PBXBuildFile; fileRef = 492CEF061EDD8FA7002A5AE2 /* ItemListViewControllerTests.swift */; };
		492CEF0A1EDD9291002A5AE2 /* DetailViewController.swift in Sources */ = {isa = PBXBuildFile; fileRef = 492CEF091EDD9291002A5AE2 /* DetailViewController.swift */; };
		493C33A81EE5628D00ED0A5A /* ItemListViewController.swift in Sources */ = {isa = PBXBuildFile; fileRef = 493C33A71EE5628D00ED0A5A /* ItemListViewController.swift */; };
		493C33AA1EE57AF100ED0A5A /* InputViewControllerTests.swift in Sources */ = {isa = PBXBuildFile; fileRef = 493C33A91EE57AF100ED0A5A /* InputViewControllerTests.swift */; };
		493C33AC1EE57B7100ED0A5A /* InputViewController.swift in Sources */ = {isa = PBXBuildFile; fileRef = 493C33AB1EE57B7100ED0A5A /* InputViewController.swift */; };
		494CF1111EE0CF6300DE7758 /* ItemCellTests.swift in Sources */ = {isa = PBXBuildFile; fileRef = 494CF1101EE0CF6300DE7758 /* ItemCellTests.swift */; };
		496BF8C41ED957AA001ABBFF /* AppDelegate.swift in Sources */ = {isa = PBXBuildFile; fileRef = 496BF8C31ED957AA001ABBFF /* AppDelegate.swift */; };
		496BF8C61ED957AA001ABBFF /* ViewController.swift in Sources */ = {isa = PBXBuildFile; fileRef = 496BF8C51ED957AA001ABBFF /* ViewController.swift */; };
		496BF8C91ED957AA001ABBFF /* Main.storyboard in Resources */ = {isa = PBXBuildFile; fileRef = 496BF8C71ED957AA001ABBFF /* Main.storyboard */; };
		496BF8CB1ED957AA001ABBFF /* Assets.xcassets in Resources */ = {isa = PBXBuildFile; fileRef = 496BF8CA1ED957AA001ABBFF /* Assets.xcassets */; };
		496BF8CE1ED957AA001ABBFF /* LaunchScreen.storyboard in Resources */ = {isa = PBXBuildFile; fileRef = 496BF8CC1ED957AA001ABBFF /* LaunchScreen.storyboard */; };
		496BF8D91ED957AA001ABBFF /* TDDWithSwiftTests.swift in Sources */ = {isa = PBXBuildFile; fileRef = 496BF8D81ED957AA001ABBFF /* TDDWithSwiftTests.swift */; };
		496BF8E41EDAFFBF001ABBFF /* ToDoItemTests.swift in Sources */ = {isa = PBXBuildFile; fileRef = 496BF8E31EDAFFBF001ABBFF /* ToDoItemTests.swift */; };
		496BF8E61EDB11BF001ABBFF /* ToDoItem.swift in Sources */ = {isa = PBXBuildFile; fileRef = 496BF8E51EDB11BF001ABBFF /* ToDoItem.swift */; };
		497849C71EDEE32900426936 /* ItemListDataProvider.swift in Sources */ = {isa = PBXBuildFile; fileRef = 497849C61EDEE32900426936 /* ItemListDataProvider.swift */; };
		497849C91EDEEC4700426936 /* ItemListDataProviderTests.swift in Sources */ = {isa = PBXBuildFile; fileRef = 497849C81EDEEC4700426936 /* ItemListDataProviderTests.swift */; };
		49798DBC1EDEF57B00F7B222 /* ItemCell.swift in Sources */ = {isa = PBXBuildFile; fileRef = 49798DBB1EDEF57B00F7B222 /* ItemCell.swift */; };
/* End PBXBuildFile section */

/* Begin PBXContainerItemProxy section */
		496BF8D51ED957AA001ABBFF /* PBXContainerItemProxy */ = {
			isa = PBXContainerItemProxy;
			containerPortal = 496BF8B81ED957AA001ABBFF /* Project object */;
			proxyType = 1;
			remoteGlobalIDString = 496BF8BF1ED957AA001ABBFF;
			remoteInfo = TDDWithSwift;
		};
/* End PBXContainerItemProxy section */

/* Begin PBXFileReference section */
		20B408191EDCE4D80082EEF7 /* ItemManager.swift */ = {isa = PBXFileReference; fileEncoding = 4; lastKnownFileType = sourcecode.swift; path = ItemManager.swift; sourceTree = "<group>"; };
		20B4081B1EDCE4E30082EEF7 /* ItemManagerTests.swift */ = {isa = PBXFileReference; fileEncoding = 4; lastKnownFileType = sourcecode.swift; path = ItemManagerTests.swift; sourceTree = "<group>"; };
		490C3BC61EDCC77200E662BD /* Location.swift */ = {isa = PBXFileReference; fileEncoding = 4; lastKnownFileType = sourcecode.swift; path = Location.swift; sourceTree = "<group>"; };
		490C3BCA1EDCCA4400E662BD /* LocationTests.swift */ = {isa = PBXFileReference; fileEncoding = 4; lastKnownFileType = sourcecode.swift; path = LocationTests.swift; sourceTree = "<group>"; };
		4924C87E1EE4613C001B4148 /* DetailViewControllerTests.swift */ = {isa = PBXFileReference; fileEncoding = 4; lastKnownFileType = sourcecode.swift; name = DetailViewControllerTests.swift; path = ../TDDWithSwift/DetailViewControllerTests.swift; sourceTree = "<group>"; };
		492CEF061EDD8FA7002A5AE2 /* ItemListViewControllerTests.swift */ = {isa = PBXFileReference; fileEncoding = 4; lastKnownFileType = sourcecode.swift; path = ItemListViewControllerTests.swift; sourceTree = "<group>"; };
		492CEF091EDD9291002A5AE2 /* DetailViewController.swift */ = {isa = PBXFileReference; fileEncoding = 4; lastKnownFileType = sourcecode.swift; path = DetailViewController.swift; sourceTree = "<group>"; };
		493C33A71EE5628D00ED0A5A /* ItemListViewController.swift */ = {isa = PBXFileReference; fileEncoding = 4; lastKnownFileType = sourcecode.swift; path = ItemListViewController.swift; sourceTree = "<group>"; };
		493C33A91EE57AF100ED0A5A /* InputViewControllerTests.swift */ = {isa = PBXFileReference; fileEncoding = 4; lastKnownFileType = sourcecode.swift; name = InputViewControllerTests.swift; path = TDDWithSwift/InputViewControllerTests.swift; sourceTree = SOURCE_ROOT; };
		493C33AB1EE57B7100ED0A5A /* InputViewController.swift */ = {isa = PBXFileReference; fileEncoding = 4; lastKnownFileType = sourcecode.swift; path = InputViewController.swift; sourceTree = "<group>"; };
		494CF1101EE0CF6300DE7758 /* ItemCellTests.swift */ = {isa = PBXFileReference; fileEncoding = 4; lastKnownFileType = sourcecode.swift; path = ItemCellTests.swift; sourceTree = "<group>"; };
		496BF8C01ED957AA001ABBFF /* TDDWithSwift.app */ = {isa = PBXFileReference; explicitFileType = wrapper.application; includeInIndex = 0; path = TDDWithSwift.app; sourceTree = BUILT_PRODUCTS_DIR; };
		496BF8C31ED957AA001ABBFF /* AppDelegate.swift */ = {isa = PBXFileReference; lastKnownFileType = sourcecode.swift; path = AppDelegate.swift; sourceTree = "<group>"; };
		496BF8C51ED957AA001ABBFF /* ViewController.swift */ = {isa = PBXFileReference; lastKnownFileType = sourcecode.swift; path = ViewController.swift; sourceTree = "<group>"; };
		496BF8C81ED957AA001ABBFF /* Base */ = {isa = PBXFileReference; lastKnownFileType = file.storyboard; name = Base; path = Base.lproj/Main.storyboard; sourceTree = "<group>"; };
		496BF8CA1ED957AA001ABBFF /* Assets.xcassets */ = {isa = PBXFileReference; lastKnownFileType = folder.assetcatalog; path = Assets.xcassets; sourceTree = "<group>"; };
		496BF8CD1ED957AA001ABBFF /* Base */ = {isa = PBXFileReference; lastKnownFileType = file.storyboard; name = Base; path = Base.lproj/LaunchScreen.storyboard; sourceTree = "<group>"; };
		496BF8CF1ED957AA001ABBFF /* Info.plist */ = {isa = PBXFileReference; lastKnownFileType = text.plist.xml; path = Info.plist; sourceTree = "<group>"; };
		496BF8D41ED957AA001ABBFF /* TDDWithSwiftTests.xctest */ = {isa = PBXFileReference; explicitFileType = wrapper.cfbundle; includeInIndex = 0; path = TDDWithSwiftTests.xctest; sourceTree = BUILT_PRODUCTS_DIR; };
		496BF8D81ED957AA001ABBFF /* TDDWithSwiftTests.swift */ = {isa = PBXFileReference; lastKnownFileType = sourcecode.swift; path = TDDWithSwiftTests.swift; sourceTree = "<group>"; };
		496BF8DA1ED957AA001ABBFF /* Info.plist */ = {isa = PBXFileReference; lastKnownFileType = text.plist.xml; path = Info.plist; sourceTree = "<group>"; };
		496BF8E31EDAFFBF001ABBFF /* ToDoItemTests.swift */ = {isa = PBXFileReference; fileEncoding = 4; lastKnownFileType = sourcecode.swift; path = ToDoItemTests.swift; sourceTree = "<group>"; };
		496BF8E51EDB11BF001ABBFF /* ToDoItem.swift */ = {isa = PBXFileReference; fileEncoding = 4; lastKnownFileType = sourcecode.swift; path = ToDoItem.swift; sourceTree = "<group>"; };
		497849C61EDEE32900426936 /* ItemListDataProvider.swift */ = {isa = PBXFileReference; fileEncoding = 4; lastKnownFileType = sourcecode.swift; path = ItemListDataProvider.swift; sourceTree = "<group>"; };
		497849C81EDEEC4700426936 /* ItemListDataProviderTests.swift */ = {isa = PBXFileReference; fileEncoding = 4; lastKnownFileType = sourcecode.swift; path = ItemListDataProviderTests.swift; sourceTree = "<group>"; };
		49798DBB1EDEF57B00F7B222 /* ItemCell.swift */ = {isa = PBXFileReference; fileEncoding = 4; lastKnownFileType = sourcecode.swift; path = ItemCell.swift; sourceTree = "<group>"; };
/* End PBXFileReference section */

/* Begin PBXFrameworksBuildPhase section */
		496BF8BD1ED957AA001ABBFF /* Frameworks */ = {
			isa = PBXFrameworksBuildPhase;
			buildActionMask = 2147483647;
			files = (
			);
			runOnlyForDeploymentPostprocessing = 0;
		};
		496BF8D11ED957AA001ABBFF /* Frameworks */ = {
			isa = PBXFrameworksBuildPhase;
			buildActionMask = 2147483647;
			files = (
			);
			runOnlyForDeploymentPostprocessing = 0;
		};
/* End PBXFrameworksBuildPhase section */

/* Begin PBXGroup section */
		492CEF041EDD8CD8002A5AE2 /* Model */ = {
			isa = PBXGroup;
			children = (
				496BF8E51EDB11BF001ABBFF /* ToDoItem.swift */,
				490C3BC61EDCC77200E662BD /* Location.swift */,
				20B408191EDCE4D80082EEF7 /* ItemManager.swift */,
			);
			name = Model;
			sourceTree = "<group>";
		};
		492CEF051EDD8F81002A5AE2 /* Model */ = {
			isa = PBXGroup;
			children = (
				496BF8E31EDAFFBF001ABBFF /* ToDoItemTests.swift */,
				490C3BCA1EDCCA4400E662BD /* LocationTests.swift */,
				20B4081B1EDCE4E30082EEF7 /* ItemManagerTests.swift */,
			);
			name = Model;
			sourceTree = "<group>";
		};
		492CEF081EDD90B0002A5AE2 /* Controller */ = {
			isa = PBXGroup;
			children = (
				492CEF061EDD8FA7002A5AE2 /* ItemListViewControllerTests.swift */,
				497849C81EDEEC4700426936 /* ItemListDataProviderTests.swift */,
				4924C87E1EE4613C001B4148 /* DetailViewControllerTests.swift */,
				493C33A91EE57AF100ED0A5A /* InputViewControllerTests.swift */,
				494CF1101EE0CF6300DE7758 /* ItemCellTests.swift */,
			);
			name = Controller;
			sourceTree = "<group>";
		};
		492CEF0B1EDD92DB002A5AE2 /* Controller */ = {
			isa = PBXGroup;
			children = (
				496BF8C51ED957AA001ABBFF /* ViewController.swift */,
				493C33A71EE5628D00ED0A5A /* ItemListViewController.swift */,
				492CEF091EDD9291002A5AE2 /* DetailViewController.swift */,
				493C33AB1EE57B7100ED0A5A /* InputViewController.swift */,
				497849C61EDEE32900426936 /* ItemListDataProvider.swift */,
				49798DBB1EDEF57B00F7B222 /* ItemCell.swift */,
			);
			name = Controller;
			sourceTree = "<group>";
		};
		496BF8B71ED957AA001ABBFF = {
			isa = PBXGroup;
			children = (
				496BF8C21ED957AA001ABBFF /* TDDWithSwift */,
				496BF8D71ED957AA001ABBFF /* TDDWithSwiftTests */,
				496BF8C11ED957AA001ABBFF /* Products */,
			);
			sourceTree = "<group>";
		};
		496BF8C11ED957AA001ABBFF /* Products */ = {
			isa = PBXGroup;
			children = (
				496BF8C01ED957AA001ABBFF /* TDDWithSwift.app */,
				496BF8D41ED957AA001ABBFF /* TDDWithSwiftTests.xctest */,
			);
			name = Products;
			sourceTree = "<group>";
		};
		496BF8C21ED957AA001ABBFF /* TDDWithSwift */ = {
			isa = PBXGroup;
			children = (
				496BF8C31ED957AA001ABBFF /* AppDelegate.swift */,
				492CEF041EDD8CD8002A5AE2 /* Model */,
				492CEF0B1EDD92DB002A5AE2 /* Controller */,
				496BF8C71ED957AA001ABBFF /* Main.storyboard */,
				496BF8CA1ED957AA001ABBFF /* Assets.xcassets */,
				496BF8CC1ED957AA001ABBFF /* LaunchScreen.storyboard */,
				496BF8CF1ED957AA001ABBFF /* Info.plist */,
			);
			path = TDDWithSwift;
			sourceTree = "<group>";
		};
		496BF8D71ED957AA001ABBFF /* TDDWithSwiftTests */ = {
			isa = PBXGroup;
			children = (
				496BF8D81ED957AA001ABBFF /* TDDWithSwiftTests.swift */,
				492CEF051EDD8F81002A5AE2 /* Model */,
				492CEF081EDD90B0002A5AE2 /* Controller */,
				496BF8DA1ED957AA001ABBFF /* Info.plist */,
			);
			path = TDDWithSwiftTests;
			sourceTree = "<group>";
		};
/* End PBXGroup section */

/* Begin PBXNativeTarget section */
		496BF8BF1ED957AA001ABBFF /* TDDWithSwift */ = {
			isa = PBXNativeTarget;
			buildConfigurationList = 496BF8DD1ED957AA001ABBFF /* Build configuration list for PBXNativeTarget "TDDWithSwift" */;
			buildPhases = (
				496BF8BC1ED957AA001ABBFF /* Sources */,
				496BF8BD1ED957AA001ABBFF /* Frameworks */,
				496BF8BE1ED957AA001ABBFF /* Resources */,
			);
			buildRules = (
			);
			dependencies = (
			);
			name = TDDWithSwift;
			productName = TDDWithSwift;
			productReference = 496BF8C01ED957AA001ABBFF /* TDDWithSwift.app */;
			productType = "com.apple.product-type.application";
		};
		496BF8D31ED957AA001ABBFF /* TDDWithSwiftTests */ = {
			isa = PBXNativeTarget;
			buildConfigurationList = 496BF8E01ED957AA001ABBFF /* Build configuration list for PBXNativeTarget "TDDWithSwiftTests" */;
			buildPhases = (
				496BF8D01ED957AA001ABBFF /* Sources */,
				496BF8D11ED957AA001ABBFF /* Frameworks */,
				496BF8D21ED957AA001ABBFF /* Resources */,
			);
			buildRules = (
			);
			dependencies = (
				496BF8D61ED957AA001ABBFF /* PBXTargetDependency */,
			);
			name = TDDWithSwiftTests;
			productName = TDDWithSwiftTests;
			productReference = 496BF8D41ED957AA001ABBFF /* TDDWithSwiftTests.xctest */;
			productType = "com.apple.product-type.bundle.unit-test";
		};
/* End PBXNativeTarget section */

/* Begin PBXProject section */
		496BF8B81ED957AA001ABBFF /* Project object */ = {
			isa = PBXProject;
			attributes = {
				LastSwiftUpdateCheck = 0820;
				LastUpgradeCheck = 0820;
				ORGANIZATIONNAME = "Andrew Tantomo";
				TargetAttributes = {
					496BF8BF1ED957AA001ABBFF = {
						CreatedOnToolsVersion = 8.2.1;
						ProvisioningStyle = Automatic;
					};
					496BF8D31ED957AA001ABBFF = {
						CreatedOnToolsVersion = 8.2.1;
						ProvisioningStyle = Automatic;
						TestTargetID = 496BF8BF1ED957AA001ABBFF;
					};
				};
			};
			buildConfigurationList = 496BF8BB1ED957AA001ABBFF /* Build configuration list for PBXProject "TDDWithSwift" */;
			compatibilityVersion = "Xcode 3.2";
			developmentRegion = English;
			hasScannedForEncodings = 0;
			knownRegions = (
				en,
				Base,
			);
			mainGroup = 496BF8B71ED957AA001ABBFF;
			productRefGroup = 496BF8C11ED957AA001ABBFF /* Products */;
			projectDirPath = "";
			projectRoot = "";
			targets = (
				496BF8BF1ED957AA001ABBFF /* TDDWithSwift */,
				496BF8D31ED957AA001ABBFF /* TDDWithSwiftTests */,
			);
		};
/* End PBXProject section */

/* Begin PBXResourcesBuildPhase section */
		496BF8BE1ED957AA001ABBFF /* Resources */ = {
			isa = PBXResourcesBuildPhase;
			buildActionMask = 2147483647;
			files = (
				496BF8CE1ED957AA001ABBFF /* LaunchScreen.storyboard in Resources */,
				496BF8CB1ED957AA001ABBFF /* Assets.xcassets in Resources */,
				496BF8C91ED957AA001ABBFF /* Main.storyboard in Resources */,
			);
			runOnlyForDeploymentPostprocessing = 0;
		};
		496BF8D21ED957AA001ABBFF /* Resources */ = {
			isa = PBXResourcesBuildPhase;
			buildActionMask = 2147483647;
			files = (
			);
			runOnlyForDeploymentPostprocessing = 0;
		};
/* End PBXResourcesBuildPhase section */

/* Begin PBXSourcesBuildPhase section */
		496BF8BC1ED957AA001ABBFF /* Sources */ = {
			isa = PBXSourcesBuildPhase;
			buildActionMask = 2147483647;
			files = (
				493C33A81EE5628D00ED0A5A /* ItemListViewController.swift in Sources */,
				493C33AC1EE57B7100ED0A5A /* InputViewController.swift in Sources */,
				49798DBC1EDEF57B00F7B222 /* ItemCell.swift in Sources */,
				496BF8C61ED957AA001ABBFF /* ViewController.swift in Sources */,
				497849C71EDEE32900426936 /* ItemListDataProvider.swift in Sources */,
				20B4081A1EDCE4D80082EEF7 /* ItemManager.swift in Sources */,
				496BF8C41ED957AA001ABBFF /* AppDelegate.swift in Sources */,
				490C3BC71EDCC77200E662BD /* Location.swift in Sources */,
				496BF8E61EDB11BF001ABBFF /* ToDoItem.swift in Sources */,
				492CEF0A1EDD9291002A5AE2 /* DetailViewController.swift in Sources */,
			);
			runOnlyForDeploymentPostprocessing = 0;
		};
		496BF8D01ED957AA001ABBFF /* Sources */ = {
			isa = PBXSourcesBuildPhase;
			buildActionMask = 2147483647;
			files = (
				496BF8E41EDAFFBF001ABBFF /* ToDoItemTests.swift in Sources */,
				492CEF071EDD8FA7002A5AE2 /* ItemListViewControllerTests.swift in Sources */,
				490C3BCB1EDCCA4400E662BD /* LocationTests.swift in Sources */,
				497849C91EDEEC4700426936 /* ItemListDataProviderTests.swift in Sources */,
				494CF1111EE0CF6300DE7758 /* ItemCellTests.swift in Sources */,
				20B4081C1EDCE4E30082EEF7 /* ItemManagerTests.swift in Sources */,
				493C33AA1EE57AF100ED0A5A /* InputViewControllerTests.swift in Sources */,
				496BF8D91ED957AA001ABBFF /* TDDWithSwiftTests.swift in Sources */,
				4924C87F1EE4613C001B4148 /* DetailViewControllerTests.swift in Sources */,
			);
			runOnlyForDeploymentPostprocessing = 0;
		};
/* End PBXSourcesBuildPhase section */

/* Begin PBXTargetDependency section */
		496BF8D61ED957AA001ABBFF /* PBXTargetDependency */ = {
			isa = PBXTargetDependency;
			target = 496BF8BF1ED957AA001ABBFF /* TDDWithSwift */;
			targetProxy = 496BF8D51ED957AA001ABBFF /* PBXContainerItemProxy */;
		};
/* End PBXTargetDependency section */

/* Begin PBXVariantGroup section */
		496BF8C71ED957AA001ABBFF /* Main.storyboard */ = {
			isa = PBXVariantGroup;
			children = (
				496BF8C81ED957AA001ABBFF /* Base */,
			);
			name = Main.storyboard;
			sourceTree = "<group>";
		};
		496BF8CC1ED957AA001ABBFF /* LaunchScreen.storyboard */ = {
			isa = PBXVariantGroup;
			children = (
				496BF8CD1ED957AA001ABBFF /* Base */,
			);
			name = LaunchScreen.storyboard;
			sourceTree = "<group>";
		};
/* End PBXVariantGroup section */

/* Begin XCBuildConfiguration section */
		496BF8DB1ED957AA001ABBFF /* Debug */ = {
			isa = XCBuildConfiguration;
			buildSettings = {
				ALWAYS_SEARCH_USER_PATHS = NO;
				CLANG_ANALYZER_NONNULL = YES;
				CLANG_CXX_LANGUAGE_STANDARD = "gnu++0x";
				CLANG_CXX_LIBRARY = "libc++";
				CLANG_ENABLE_MODULES = YES;
				CLANG_ENABLE_OBJC_ARC = YES;
				CLANG_WARN_BOOL_CONVERSION = YES;
				CLANG_WARN_CONSTANT_CONVERSION = YES;
				CLANG_WARN_DIRECT_OBJC_ISA_USAGE = YES_ERROR;
				CLANG_WARN_DOCUMENTATION_COMMENTS = YES;
				CLANG_WARN_EMPTY_BODY = YES;
				CLANG_WARN_ENUM_CONVERSION = YES;
				CLANG_WARN_INFINITE_RECURSION = YES;
				CLANG_WARN_INT_CONVERSION = YES;
				CLANG_WARN_OBJC_ROOT_CLASS = YES_ERROR;
				CLANG_WARN_SUSPICIOUS_MOVE = YES;
				CLANG_WARN_UNREACHABLE_CODE = YES;
				CLANG_WARN__DUPLICATE_METHOD_MATCH = YES;
				"CODE_SIGN_IDENTITY[sdk=iphoneos*]" = "iPhone Developer";
				COPY_PHASE_STRIP = NO;
				DEBUG_INFORMATION_FORMAT = dwarf;
				ENABLE_STRICT_OBJC_MSGSEND = YES;
				ENABLE_TESTABILITY = YES;
				GCC_C_LANGUAGE_STANDARD = gnu99;
				GCC_DYNAMIC_NO_PIC = NO;
				GCC_NO_COMMON_BLOCKS = YES;
				GCC_OPTIMIZATION_LEVEL = 0;
				GCC_PREPROCESSOR_DEFINITIONS = (
					"DEBUG=1",
					"$(inherited)",
				);
				GCC_WARN_64_TO_32_BIT_CONVERSION = YES;
				GCC_WARN_ABOUT_RETURN_TYPE = YES_ERROR;
				GCC_WARN_UNDECLARED_SELECTOR = YES;
				GCC_WARN_UNINITIALIZED_AUTOS = YES_AGGRESSIVE;
				GCC_WARN_UNUSED_FUNCTION = YES;
				GCC_WARN_UNUSED_VARIABLE = YES;
				IPHONEOS_DEPLOYMENT_TARGET = 10.2;
				MTL_ENABLE_DEBUG_INFO = YES;
				ONLY_ACTIVE_ARCH = YES;
				SDKROOT = iphoneos;
				SWIFT_ACTIVE_COMPILATION_CONDITIONS = DEBUG;
				SWIFT_OPTIMIZATION_LEVEL = "-Onone";
				TARGETED_DEVICE_FAMILY = "1,2";
			};
			name = Debug;
		};
		496BF8DC1ED957AA001ABBFF /* Release */ = {
			isa = XCBuildConfiguration;
			buildSettings = {
				ALWAYS_SEARCH_USER_PATHS = NO;
				CLANG_ANALYZER_NONNULL = YES;
				CLANG_CXX_LANGUAGE_STANDARD = "gnu++0x";
				CLANG_CXX_LIBRARY = "libc++";
				CLANG_ENABLE_MODULES = YES;
				CLANG_ENABLE_OBJC_ARC = YES;
				CLANG_WARN_BOOL_CONVERSION = YES;
				CLANG_WARN_CONSTANT_CONVERSION = YES;
				CLANG_WARN_DIRECT_OBJC_ISA_USAGE = YES_ERROR;
				CLANG_WARN_DOCUMENTATION_COMMENTS = YES;
				CLANG_WARN_EMPTY_BODY = YES;
				CLANG_WARN_ENUM_CONVERSION = YES;
				CLANG_WARN_INFINITE_RECURSION = YES;
				CLANG_WARN_INT_CONVERSION = YES;
				CLANG_WARN_OBJC_ROOT_CLASS = YES_ERROR;
				CLANG_WARN_SUSPICIOUS_MOVE = YES;
				CLANG_WARN_UNREACHABLE_CODE = YES;
				CLANG_WARN__DUPLICATE_METHOD_MATCH = YES;
				"CODE_SIGN_IDENTITY[sdk=iphoneos*]" = "iPhone Developer";
				COPY_PHASE_STRIP = NO;
				DEBUG_INFORMATION_FORMAT = "dwarf-with-dsym";
				ENABLE_NS_ASSERTIONS = NO;
				ENABLE_STRICT_OBJC_MSGSEND = YES;
				GCC_C_LANGUAGE_STANDARD = gnu99;
				GCC_NO_COMMON_BLOCKS = YES;
				GCC_WARN_64_TO_32_BIT_CONVERSION = YES;
				GCC_WARN_ABOUT_RETURN_TYPE = YES_ERROR;
				GCC_WARN_UNDECLARED_SELECTOR = YES;
				GCC_WARN_UNINITIALIZED_AUTOS = YES_AGGRESSIVE;
				GCC_WARN_UNUSED_FUNCTION = YES;
				GCC_WARN_UNUSED_VARIABLE = YES;
				IPHONEOS_DEPLOYMENT_TARGET = 10.2;
				MTL_ENABLE_DEBUG_INFO = NO;
				SDKROOT = iphoneos;
				SWIFT_OPTIMIZATION_LEVEL = "-Owholemodule";
				TARGETED_DEVICE_FAMILY = "1,2";
				VALIDATE_PRODUCT = YES;
			};
			name = Release;
		};
		496BF8DE1ED957AA001ABBFF /* Debug */ = {
			isa = XCBuildConfiguration;
			buildSettings = {
				ASSETCATALOG_COMPILER_APPICON_NAME = AppIcon;
				INFOPLIST_FILE = TDDWithSwift/Info.plist;
				LD_RUNPATH_SEARCH_PATHS = "$(inherited) @executable_path/Frameworks";
				PRODUCT_BUNDLE_IDENTIFIER = "Andrew-Tantomo.TDDWithSwift";
				PRODUCT_NAME = "$(TARGET_NAME)";
				SWIFT_VERSION = 3.0;
			};
			name = Debug;
		};
		496BF8DF1ED957AA001ABBFF /* Release */ = {
			isa = XCBuildConfiguration;
			buildSettings = {
				ASSETCATALOG_COMPILER_APPICON_NAME = AppIcon;
				INFOPLIST_FILE = TDDWithSwift/Info.plist;
				LD_RUNPATH_SEARCH_PATHS = "$(inherited) @executable_path/Frameworks";
				PRODUCT_BUNDLE_IDENTIFIER = "Andrew-Tantomo.TDDWithSwift";
				PRODUCT_NAME = "$(TARGET_NAME)";
				SWIFT_VERSION = 3.0;
			};
			name = Release;
		};
		496BF8E11ED957AA001ABBFF /* Debug */ = {
			isa = XCBuildConfiguration;
			buildSettings = {
				ALWAYS_EMBED_SWIFT_STANDARD_LIBRARIES = YES;
				BUNDLE_LOADER = "$(TEST_HOST)";
				INFOPLIST_FILE = TDDWithSwiftTests/Info.plist;
				LD_RUNPATH_SEARCH_PATHS = "$(inherited) @executable_path/Frameworks @loader_path/Frameworks";
				PRODUCT_BUNDLE_IDENTIFIER = "Andrew-Tantomo.TDDWithSwiftTests";
				PRODUCT_NAME = "$(TARGET_NAME)";
				SWIFT_VERSION = 3.0;
				TEST_HOST = "$(BUILT_PRODUCTS_DIR)/TDDWithSwift.app/TDDWithSwift";
			};
			name = Debug;
		};
		496BF8E21ED957AA001ABBFF /* Release */ = {
			isa = XCBuildConfiguration;
			buildSettings = {
				ALWAYS_EMBED_SWIFT_STANDARD_LIBRARIES = YES;
				BUNDLE_LOADER = "$(TEST_HOST)";
				INFOPLIST_FILE = TDDWithSwiftTests/Info.plist;
				LD_RUNPATH_SEARCH_PATHS = "$(inherited) @executable_path/Frameworks @loader_path/Frameworks";
				PRODUCT_BUNDLE_IDENTIFIER = "Andrew-Tantomo.TDDWithSwiftTests";
				PRODUCT_NAME = "$(TARGET_NAME)";
				SWIFT_VERSION = 3.0;
				TEST_HOST = "$(BUILT_PRODUCTS_DIR)/TDDWithSwift.app/TDDWithSwift";
			};
			name = Release;
		};
/* End XCBuildConfiguration section */

/* Begin XCConfigurationList section */
		496BF8BB1ED957AA001ABBFF /* Build configuration list for PBXProject "TDDWithSwift" */ = {
			isa = XCConfigurationList;
			buildConfigurations = (
				496BF8DB1ED957AA001ABBFF /* Debug */,
				496BF8DC1ED957AA001ABBFF /* Release */,
			);
			defaultConfigurationIsVisible = 0;
			defaultConfigurationName = Release;
		};
		496BF8DD1ED957AA001ABBFF /* Build configuration list for PBXNativeTarget "TDDWithSwift" */ = {
			isa = XCConfigurationList;
			buildConfigurations = (
				496BF8DE1ED957AA001ABBFF /* Debug */,
				496BF8DF1ED957AA001ABBFF /* Release */,
			);
			defaultConfigurationIsVisible = 0;
			defaultConfigurationName = Release;
		};
		496BF8E01ED957AA001ABBFF /* Build configuration list for PBXNativeTarget "TDDWithSwiftTests" */ = {
			isa = XCConfigurationList;
			buildConfigurations = (
				496BF8E11ED957AA001ABBFF /* Debug */,
				496BF8E21ED957AA001ABBFF /* Release */,
			);
			defaultConfigurationIsVisible = 0;
			defaultConfigurationName = Release;
		};
/* End XCConfigurationList section */
	};
	rootObject = 496BF8B81ED957AA001ABBFF /* Project object */;
}
